{
    "_readme": [
        "This file locks the dependencies of your project to a known state",
        "Read more about it at https://getcomposer.org/doc/01-basic-usage.md#installing-dependencies",
        "This file is @generated automatically"
    ],
    "content-hash": "c629d8a2e6ee652e9c587ac4c4e6ab63",
    "packages": [],
    "packages-dev": [
        {
            "name": "packaged/helpers",
            "version": "2.11.1",
            "source": {
                "type": "git",
                "url": "https://github.com/packaged/helpers.git",
                "reference": "7db8fbc1b7b439315bd4846e35463ed3b69f11d9"
            },
            "dist": {
                "type": "zip",
                "url": "https://api.github.com/repos/packaged/helpers/zipball/7db8fbc1b7b439315bd4846e35463ed3b69f11d9",
                "reference": "7db8fbc1b7b439315bd4846e35463ed3b69f11d9",
                "shasum": ""
            },
            "require": {
                "ext-json": "*",
                "php": ">=7.1"
            },
            "require-dev": {
                "phpunit/phpunit": "~5.7"
            },
            "type": "library",
            "autoload": {
                "psr-4": {
                    "Packaged\\Helpers\\": "src",
                    "Packaged\\Tests\\": "tests"
                }
            },
            "notification-url": "https://packagist.org/downloads/",
            "license": [
                "MIT"
            ],
            "authors": [
                {
                    "name": "Brooke Bryan",
                    "email": "brooke@bajb.net"
                }
            ],
            "description": "Generic PHP Helper Classes",
            "time": "2020-08-11T15:04:23+00:00"
        },
        {
            "name": "phplang/scope-exit",
            "version": "1.0.0",
            "source": {
                "type": "git",
                "url": "https://github.com/phplang/scope-exit.git",
                "reference": "239b73abe89f9414aa85a7ca075ec9445629192b"
            },
            "dist": {
                "type": "zip",
                "url": "https://api.github.com/repos/phplang/scope-exit/zipball/239b73abe89f9414aa85a7ca075ec9445629192b",
                "reference": "239b73abe89f9414aa85a7ca075ec9445629192b",
                "shasum": ""
            },
            "require-dev": {
                "phpunit/phpunit": "*"
            },
            "type": "library",
            "autoload": {
                "psr-4": {
                    "PhpLang\\": "src/"
                }
            },
            "notification-url": "https://packagist.org/downloads/",
            "license": [
                "BSD"
            ],
            "authors": [
                {
                    "name": "Sara Golemon",
                    "email": "pollita@php.net",
                    "homepage": "https://twitter.com/SaraMG",
                    "role": "Developer"
                }
            ],
            "description": "Emulation of SCOPE_EXIT construct from C++",
            "homepage": "https://github.com/phplang/scope-exit",
            "keywords": [
                "cleanup",
                "exit",
                "scope"
            ],
            "time": "2016-09-17T00:15:18+00:00"
        },
        {
            "name": "swaggest/json-diff",
            "version": "v3.7.5",
            "source": {
                "type": "git",
                "url": "https://github.com/swaggest/json-diff.git",
                "reference": "e452a9c6444905a486280c7d56503a6468303f69"
            },
            "dist": {
                "type": "zip",
                "url": "https://api.github.com/repos/swaggest/json-diff/zipball/e452a9c6444905a486280c7d56503a6468303f69",
                "reference": "e452a9c6444905a486280c7d56503a6468303f69",
                "shasum": ""
            },
            "require": {
                "ext-json": "*"
            },
            "require-dev": {
                "phpunit/phpunit": "^4.8.23"
            },
            "type": "library",
            "autoload": {
                "psr-4": {
                    "Swaggest\\JsonDiff\\": "src/"
                }
            },
            "notification-url": "https://packagist.org/downloads/",
            "license": [
                "MIT"
            ],
            "authors": [
                {
                    "name": "Viacheslav Poturaev",
                    "email": "vearutop@gmail.com"
                }
            ],
            "description": "JSON diff/rearrange/patch/pointer library for PHP",
            "time": "2020-05-26T21:53:21+00:00"
        },
        {
            "name": "swaggest/json-schema",
            "version": "v0.12.29",
            "source": {
                "type": "git",
                "url": "https://github.com/swaggest/php-json-schema.git",
                "reference": "7564d4a5fc8c068479698a30e5a7c589ea32a9c6"
            },
            "dist": {
                "type": "zip",
                "url": "https://api.github.com/repos/swaggest/php-json-schema/zipball/7564d4a5fc8c068479698a30e5a7c589ea32a9c6",
                "reference": "7564d4a5fc8c068479698a30e5a7c589ea32a9c6",
                "shasum": ""
            },
            "require": {
                "ext-json": "*",
                "ext-mbstring": "*",
                "php": ">=5.4",
                "phplang/scope-exit": "^1.0",
                "swaggest/json-diff": "^3.5.1"
            },
            "require-dev": {
                "phpunit/php-code-coverage": "2.2.4",
                "phpunit/phpunit": "4.8.35"
            },
            "type": "library",
            "autoload": {
                "psr-4": {
                    "Swaggest\\JsonSchema\\": "src/"
                }
            },
            "notification-url": "https://packagist.org/downloads/",
            "license": [
                "MIT"
            ],
            "authors": [
                {
                    "name": "Viacheslav Poturaev",
                    "email": "vearutop@gmail.com"
                }
            ],
            "description": "High definition PHP structures with JSON-schema based validation",
            "time": "2020-03-19T08:41:40+00:00"
        }
    ],
    "aliases": [],
    "minimum-stability": "stable",
    "stability-flags": [],
    "prefer-stable": false,
    "prefer-lowest": false,
    "platform": {
        "php": ">=7.3",
        "ext-json": "*"
    },
    "platform-dev": [],
    "plugin-api-version": "1.1.0"
}
